# THIS IS AN AUTOGENERATED FILE. DO NOT EDIT THIS FILE DIRECTLY.
# yarn lockfile v1


chrome-types@^0.1.220:
  version "0.1.220"
  resolved "https://registry.yarnpkg.com/chrome-types/-/chrome-types-0.1.220.tgz#ea8af257cbd84a15d9dcba1fa32111606d0bff3b"
  integrity sha512-VL1zCh8ClyEtFa5m3VCitYZG6o7gVa2src/+748QY0aILky9ZMMC5QUKElcAZiDkFnVwCgAdtNK7vG5NOilnxA==
